
Microsoft Visual Studio Solution File, Format Version 12.00
# Visual Studio 15
VisualStudioVersion = 15.0.28307.136
MinimumVisualStudioVersion = 10.0.40219.1
Project("{FAE04EC0-301F-11D3-BF4B-00C04F79EFBC}") = "EduQuizzer", "EduQuizzer\EduQuizzer.csproj", "{2D67C067-F9E9-4811-A14D-1F4B4102397A}"
EndProject
Global
	GlobalSection(SolutionConfigurationPlatforms) = preSolution
		Debug|Any CPU = Debug|Any CPU
		Release|Any CPU = Release|Any CPU
	EndGlobalSection
	GlobalSection(ProjectConfigurationPlatforms) = postSolution
		{2D67C067-F9E9-4811-A14D-1F4B4102397A}.Debug|Any CPU.ActiveCfg = Debug|Any CPU
		{2D67C067-F9E9-4811-A14D-1F4B4102397A}.Debug|Any CPU.Build.0 = Debug|Any CPU
		{2D67C067-F9E9-4811-A14D-1F4B4102397A}.Release|Any CPU.ActiveCfg = Release|Any CPU
		{2D67C067-F9E9-4811-A14D-1F4B4102397A}.Release|Any CPU.Build.0 = Release|Any CPU
	EndGlobalSection
	GlobalSection(SolutionProperties) = preSolution
		HideSolutionNode = FALSE
	EndGlobalSection
	GlobalSection(ExtensibilityGlobals) = postSolution
		SolutionGuid = {42DB1FF8-5261-4160-A6C4-F26AACE99D13}
	EndGlobalSection
EndGlobal
